
Microsoft Visual Studio Solution File, Format Version 12.00
# Visual Studio Version 16
VisualStudioVersion = 16.0.28803.156
MinimumVisualStudioVersion = 10.0.40219.1
Project("{FAE04EC0-301F-11D3-BF4B-00C04F79EFBC}") = "ChineseChessServer", "ChineseChessServer\ChineseChessServer.csproj", "{CECAE33F-054A-471F-9E4A-617E9BE648FC}"
EndProject
Global
	GlobalSection(SolutionConfigurationPlatforms) = preSolution
		Debug|Any CPU = Debug|Any CPU
		Release|Any CPU = Release|Any CPU
	EndGlobalSection
	GlobalSection(ProjectConfigurationPlatforms) = postSolution
		{CECAE33F-054A-471F-9E4A-617E9BE648FC}.Debug|Any CPU.ActiveCfg = Debug|Any CPU
		{CECAE33F-054A-471F-9E4A-617E9BE648FC}.Debug|Any CPU.Build.0 = Debug|Any CPU
		{CECAE33F-054A-471F-9E4A-617E9BE648FC}.Release|Any CPU.ActiveCfg = Release|Any CPU
		{CECAE33F-054A-471F-9E4A-617E9BE648FC}.Release|Any CPU.Build.0 = Release|Any CPU
	EndGlobalSection
	GlobalSection(SolutionProperties) = preSolution
		HideSolutionNode = FALSE
	EndGlobalSection
	GlobalSection(ExtensibilityGlobals) = postSolution
		SolutionGuid = {3C24FB24-FA90-43E9-A27B-E0AA41900B25}
	EndGlobalSection
EndGlobal
